
Microsoft Visual Studio Solution File, Format Version 12.00
# Visual Studio Version 17
VisualStudioVersion = 17.7.34024.191
MinimumVisualStudioVersion = 10.0.40219.1
Project("{2150E333-8FDC-42A3-9474-1A3956D46DE8}") = "ReadMe", "ReadMe", "{C6323109-804C-4AA8-AF32-C6767E575346}"
	ProjectSection(SolutionItems) = preProject
		Document.txt = Document.txt
	EndProjectSection
EndProject
Project("{FAE04EC0-301F-11D3-BF4B-00C04F79EFBC}") = "Read-Task", "..\Read-Task\Read-Task.csproj", "{5F5DD949-63D9-4289-B1FF-2E6BD38F8E64}"
EndProject
Global
	GlobalSection(SolutionConfigurationPlatforms) = preSolution
		Debug|Any CPU = Debug|Any CPU
		Release|Any CPU = Release|Any CPU
	EndGlobalSection
	GlobalSection(ProjectConfigurationPlatforms) = postSolution
		{5F5DD949-63D9-4289-B1FF-2E6BD38F8E64}.Debug|Any CPU.ActiveCfg = Debug|Any CPU
		{5F5DD949-63D9-4289-B1FF-2E6BD38F8E64}.Debug|Any CPU.Build.0 = Debug|Any CPU
		{5F5DD949-63D9-4289-B1FF-2E6BD38F8E64}.Release|Any CPU.ActiveCfg = Release|Any CPU
		{5F5DD949-63D9-4289-B1FF-2E6BD38F8E64}.Release|Any CPU.Build.0 = Release|Any CPU
	EndGlobalSection
	GlobalSection(SolutionProperties) = preSolution
		HideSolutionNode = FALSE
	EndGlobalSection
	GlobalSection(ExtensibilityGlobals) = postSolution
		SolutionGuid = {988480B0-6A6C-45E9-AEA8-FC419D49D788}
	EndGlobalSection
EndGlobal
